
Microsoft Visual Studio Solution File, Format Version 12.00
# Visual Studio Version 17
VisualStudioVersion = 17.5.002.0
MinimumVisualStudioVersion = 10.0.40219.1
Project("{9A19103F-16F7-4668-BE54-9A1E7A4F7556}") = "Exo.WebApi", "Exo.WebApi.csproj", "{66DE83D3-B354-4D5A-AC5A-ECCA255B987C}"
EndProject
Global
	GlobalSection(SolutionConfigurationPlatforms) = preSolution
		Debug|Any CPU = Debug|Any CPU
		Release|Any CPU = Release|Any CPU
	EndGlobalSection
	GlobalSection(ProjectConfigurationPlatforms) = postSolution
		{66DE83D3-B354-4D5A-AC5A-ECCA255B987C}.Debug|Any CPU.ActiveCfg = Debug|Any CPU
		{66DE83D3-B354-4D5A-AC5A-ECCA255B987C}.Debug|Any CPU.Build.0 = Debug|Any CPU
		{66DE83D3-B354-4D5A-AC5A-ECCA255B987C}.Release|Any CPU.ActiveCfg = Release|Any CPU
		{66DE83D3-B354-4D5A-AC5A-ECCA255B987C}.Release|Any CPU.Build.0 = Release|Any CPU
	EndGlobalSection
	GlobalSection(SolutionProperties) = preSolution
		HideSolutionNode = FALSE
	EndGlobalSection
	GlobalSection(ExtensibilityGlobals) = postSolution
		SolutionGuid = {FAA831DE-957A-48FA-B017-126FCB63DD76}
	EndGlobalSection
EndGlobal
